
Microsoft Visual Studio Solution File, Format Version 12.00
# Visual Studio Version 16
VisualStudioVersion = 16.0.37327.17
MinimumVisualStudioVersion = 10.0.40219.1
Project("{8BC9CEB8-8B4A-11D0-8D11-00A0C91BC942}") = "Test_RtlIpv4StringToAddress", "Test_RtlIpv4StringToAddress\Test_RtlIpv4StringToAddress.vcxproj", "{C9AF4277-FC3F-4ADB-BF39-0C5EF4F75CB1}"
EndProject
Project("{8BC9CEB8-8B4A-11D0-8D11-00A0C91BC942}") = "Test_NsIpv4StringToAddress", "Test_NsIpv4StringToAddress\Test_NsIpv4StringToAddress.vcxproj", "{1BCA86A5-BB74-45B7-905F-2CB198830DC8}"
EndProject
Global
	GlobalSection(SolutionConfigurationPlatforms) = preSolution
		Debug|x64 = Debug|x64
		Debug|x86 = Debug|x86
		Release|x64 = Release|x64
		Release|x86 = Release|x86
	EndGlobalSection
	GlobalSection(ProjectConfigurationPlatforms) = postSolution
		{C9AF4277-FC3F-4ADB-BF39-0C5EF4F75CB1}.Debug|x64.ActiveCfg = Debug|x64
		{C9AF4277-FC3F-4ADB-BF39-0C5EF4F75CB1}.Debug|x64.Build.0 = Debug|x64
		{C9AF4277-FC3F-4ADB-BF39-0C5EF4F75CB1}.Debug|x86.ActiveCfg = Debug|Win32
		{C9AF4277-FC3F-4ADB-BF39-0C5EF4F75CB1}.Debug|x86.Build.0 = Debug|Win32
		{C9AF4277-FC3F-4ADB-BF39-0C5EF4F75CB1}.Release|x64.ActiveCfg = Release|x64
		{C9AF4277-FC3F-4ADB-BF39-0C5EF4F75CB1}.Release|x64.Build.0 = Release|x64
		{C9AF4277-FC3F-4ADB-BF39-0C5EF4F75CB1}.Release|x86.ActiveCfg = Release|Win32
		{C9AF4277-FC3F-4ADB-BF39-0C5EF4F75CB1}.Release|x86.Build.0 = Release|Win32
		{1BCA86A5-BB74-45B7-905F-2CB198830DC8}.Debug|x64.ActiveCfg = Debug|x64
		{1BCA86A5-BB74-45B7-905F-2CB198830DC8}.Debug|x64.Build.0 = Debug|x64
		{1BCA86A5-BB74-45B7-905F-2CB198830DC8}.Debug|x86.ActiveCfg = Debug|Win32
		{1BCA86A5-BB74-45B7-905F-2CB198830DC8}.Debug|x86.Build.0 = Debug|Win32
		{1BCA86A5-BB74-45B7-905F-2CB198830DC8}.Release|x64.ActiveCfg = Release|x64
		{1BCA86A5-BB74-45B7-905F-2CB198830DC8}.Release|x64.Build.0 = Release|x64
		{1BCA86A5-BB74-45B7-905F-2CB198830DC8}.Release|x86.ActiveCfg = Release|Win32
		{1BCA86A5-BB74-45B7-905F-2CB198830DC8}.Release|x86.Build.0 = Release|Win32
	EndGlobalSection
	GlobalSection(SolutionProperties) = preSolution
		HideSolutionNode = FALSE
	EndGlobalSection
	GlobalSection(ExtensibilityGlobals) = postSolution
		SolutionGuid = {8C29B470-60D0-4959-8D76-6B4C456E8AAA}
	EndGlobalSection
EndGlobal
